
Microsoft Visual Studio Solution File, Format Version 12.00
# Visual Studio Version 17
VisualStudioVersion = 17.13.35818.85
MinimumVisualStudioVersion = 10.0.40219.1
Project("{FAE04EC0-301F-11D3-BF4B-00C04F79EFBC}") = "FamAlbum", "FamAlbum.csproj", "{6E577F4C-D2D2-981D-EA87-1DC8AC9EBE26}"
EndProject
Global
	GlobalSection(SolutionConfigurationPlatforms) = preSolution
		Debug|Any CPU = Debug|Any CPU
		Debug|x64 = Debug|x64
		Release|Any CPU = Release|Any CPU
		Release|x64 = Release|x64
	EndGlobalSection
	GlobalSection(ProjectConfigurationPlatforms) = postSolution
		{6E577F4C-D2D2-981D-EA87-1DC8AC9EBE26}.Debug|Any CPU.ActiveCfg = Debug|Any CPU
		{6E577F4C-D2D2-981D-EA87-1DC8AC9EBE26}.Debug|Any CPU.Build.0 = Debug|Any CPU
		{6E577F4C-D2D2-981D-EA87-1DC8AC9EBE26}.Debug|x64.ActiveCfg = Debug|Any CPU
		{6E577F4C-D2D2-981D-EA87-1DC8AC9EBE26}.Debug|x64.Build.0 = Debug|Any CPU
		{6E577F4C-D2D2-981D-EA87-1DC8AC9EBE26}.Release|Any CPU.ActiveCfg = Release|Any CPU
		{6E577F4C-D2D2-981D-EA87-1DC8AC9EBE26}.Release|Any CPU.Build.0 = Release|Any CPU
		{6E577F4C-D2D2-981D-EA87-1DC8AC9EBE26}.Release|x64.ActiveCfg = Release|x64
		{6E577F4C-D2D2-981D-EA87-1DC8AC9EBE26}.Release|x64.Build.0 = Release|x64
	EndGlobalSection
	GlobalSection(SolutionProperties) = preSolution
		HideSolutionNode = FALSE
	EndGlobalSection
	GlobalSection(ExtensibilityGlobals) = postSolution
		SolutionGuid = {8BC651EE-F180-48D3-AB20-7D062BD865AB}
	EndGlobalSection
EndGlobal
